# This file is automatically @generated by Cargo.
# It is not intended for manual editing.
version = 4

[[package]]
name = "llrs-algos"
version = "0.0.1"

[[package]]
name = "llrs-bench"
version = "0.0.1"

[[package]]
name = "llrs-chat"
version = "0.0.1"

[[package]]
name = "llrs-cli"
version = "0.0.1"

[[package]]
name = "llrs-core"
version = "0.0.1"

[[package]]
name = "llrs-daemon"
version = "0.0.1"

[[package]]
name = "llrs-experiments"
version = "0.0.1"

[[package]]
name = "llrs-ggml"
version = "0.0.1"

[[package]]
name = "llrs-gguf"
version = "0.0.1"

[[package]]
name = "llrs-kernels"
version = "0.0.1"

[[package]]
name = "llrs-loader"
version = "0.0.1"

[[package]]
name = "llrs-research-utils"
version = "0.0.1"

[[package]]
name = "llrs-runtim"
version = "0.0.1"
